
Microsoft Visual Studio Solution File, Format Version 12.00
# Visual Studio Version 17
VisualStudioVersion = 17.8.34525.116
MinimumVisualStudioVersion = 10.0.40219.1
Project("{FAE04EC0-301F-11D3-BF4B-00C04F79EFBC}") = "LABNUMERO2", "LABNUMERO2.csproj", "{C3E978FE-A24C-4ECE-B15F-B351F89E8CBC}"
EndProject
Global
	GlobalSection(SolutionConfigurationPlatforms) = preSolution
		Debug|Any CPU = Debug|Any CPU
		Release|Any CPU = Release|Any CPU
	EndGlobalSection
	GlobalSection(ProjectConfigurationPlatforms) = postSolution
		{C3E978FE-A24C-4ECE-B15F-B351F89E8CBC}.Debug|Any CPU.ActiveCfg = Debug|Any CPU
		{C3E978FE-A24C-4ECE-B15F-B351F89E8CBC}.Debug|Any CPU.Build.0 = Debug|Any CPU
		{C3E978FE-A24C-4ECE-B15F-B351F89E8CBC}.Release|Any CPU.ActiveCfg = Release|Any CPU
		{C3E978FE-A24C-4ECE-B15F-B351F89E8CBC}.Release|Any CPU.Build.0 = Release|Any CPU
	EndGlobalSection
	GlobalSection(SolutionProperties) = preSolution
		HideSolutionNode = FALSE
	EndGlobalSection
	GlobalSection(ExtensibilityGlobals) = postSolution
		SolutionGuid = {448FC8F4-5634-46D8-A048-458578B9C326}
	EndGlobalSection
EndGlobal
